
Microsoft Visual Studio Solution File, Format Version 12.00
# Visual Studio Version 16
VisualStudioVersion = 16.0.28803.452
MinimumVisualStudioVersion = 10.0.40219.1
Project("{FAE04EC0-301F-11D3-BF4B-00C04F79EFBC}") = "MyScriptureJournal", "MyScriptureJournal\MyScriptureJournal.csproj", "{C1DC79A2-67B0-444E-B2A9-408CD2B51ECF}"
EndProject
Global
	GlobalSection(SolutionConfigurationPlatforms) = preSolution
		Debug|Any CPU = Debug|Any CPU
		Release|Any CPU = Release|Any CPU
	EndGlobalSection
	GlobalSection(ProjectConfigurationPlatforms) = postSolution
		{C1DC79A2-67B0-444E-B2A9-408CD2B51ECF}.Debug|Any CPU.ActiveCfg = Debug|Any CPU
		{C1DC79A2-67B0-444E-B2A9-408CD2B51ECF}.Debug|Any CPU.Build.0 = Debug|Any CPU
		{C1DC79A2-67B0-444E-B2A9-408CD2B51ECF}.Release|Any CPU.ActiveCfg = Release|Any CPU
		{C1DC79A2-67B0-444E-B2A9-408CD2B51ECF}.Release|Any CPU.Build.0 = Release|Any CPU
	EndGlobalSection
	GlobalSection(SolutionProperties) = preSolution
		HideSolutionNode = FALSE
	EndGlobalSection
	GlobalSection(ExtensibilityGlobals) = postSolution
		SolutionGuid = {134D4DB7-267E-4CC6-814E-F2F5CEF036C4}
	EndGlobalSection
EndGlobal
